
Microsoft Visual Studio Solution File, Format Version 12.00
# Visual Studio 15
VisualStudioVersion = 15.0.28307.1000
MinimumVisualStudioVersion = 10.0.40219.1
Project("{FAE04EC0-301F-11D3-BF4B-00C04F79EFBC}") = "Listas nuevas", "Listas nuevas\Listas nuevas.csproj", "{DFFFC1D3-E83A-4ACD-9E99-AB35F251C0C9}"
EndProject
Global
	GlobalSection(SolutionConfigurationPlatforms) = preSolution
		Debug|Any CPU = Debug|Any CPU
		Release|Any CPU = Release|Any CPU
	EndGlobalSection
	GlobalSection(ProjectConfigurationPlatforms) = postSolution
		{DFFFC1D3-E83A-4ACD-9E99-AB35F251C0C9}.Debug|Any CPU.ActiveCfg = Debug|Any CPU
		{DFFFC1D3-E83A-4ACD-9E99-AB35F251C0C9}.Debug|Any CPU.Build.0 = Debug|Any CPU
		{DFFFC1D3-E83A-4ACD-9E99-AB35F251C0C9}.Release|Any CPU.ActiveCfg = Release|Any CPU
		{DFFFC1D3-E83A-4ACD-9E99-AB35F251C0C9}.Release|Any CPU.Build.0 = Release|Any CPU
	EndGlobalSection
	GlobalSection(SolutionProperties) = preSolution
		HideSolutionNode = FALSE
	EndGlobalSection
	GlobalSection(ExtensibilityGlobals) = postSolution
		SolutionGuid = {96C8C1E6-530F-40B1-846B-B894403F8339}
	EndGlobalSection
EndGlobal
